
Microsoft Visual Studio Solution File, Format Version 12.00
# Visual Studio Version 16
VisualStudioVersion = 16.0.30804.86
MinimumVisualStudioVersion = 10.0.40219.1
Project("{9A19103F-16F7-4668-BE54-9A1E7A4F7556}") = "UnwantedMethodCallsAnalyzer.Vsix", "UnwantedMethodCallsAnalyzer.Vsix\UnwantedMethodCallsAnalyzer.Vsix.csproj", "{23A3A249-7A1A-4FE1-8224-C01F13FA0D14}"
EndProject
Project("{9A19103F-16F7-4668-BE54-9A1E7A4F7556}") = "UnwantedMethodCallsAnalyzer", "UnwantedMethodCallsAnalyzer\UnwantedMethodCallsAnalyzer.csproj", "{2AA46A22-9D60-4737-8C2F-639B9636F872}"
EndProject
Project("{9A19103F-16F7-4668-BE54-9A1E7A4F7556}") = "UnwantedMethodCallsAnalyzer.Package", "UnwantedMethodCallsAnalyzer.Package\UnwantedMethodCallsAnalyzer.Package.csproj", "{2EC946AF-8C50-48F4-9E70-CF54AF2F85D5}"
EndProject
Project("{9A19103F-16F7-4668-BE54-9A1E7A4F7556}") = "UnwantedMethodCallsAnalyzer.Test", "UnwantedMethodCallsAnalyzer.Test\UnwantedMethodCallsAnalyzer.Test.csproj", "{8F6A719A-C9EA-4836-80B9-A8FAD870031E}"
EndProject
Project("{2150E333-8FDC-42A3-9474-1A3956D46DE8}") = "Solution Items", "Solution Items", "{06CE9746-01A4-414B-BCDB-908B8B0BF84E}"
	ProjectSection(SolutionItems) = preProject
		Readme.md = Readme.md
		UnwantedMethodCallsAnalyzer.sln.DotSettings = UnwantedMethodCallsAnalyzer.sln.DotSettings
	EndProjectSection
EndProject
Global
	GlobalSection(SolutionConfigurationPlatforms) = preSolution
		Debug|Any CPU = Debug|Any CPU
		Release|Any CPU = Release|Any CPU
	EndGlobalSection
	GlobalSection(ProjectConfigurationPlatforms) = postSolution
		{23A3A249-7A1A-4FE1-8224-C01F13FA0D14}.Debug|Any CPU.ActiveCfg = Debug|Any CPU
		{23A3A249-7A1A-4FE1-8224-C01F13FA0D14}.Release|Any CPU.ActiveCfg = Release|Any CPU
		{2AA46A22-9D60-4737-8C2F-639B9636F872}.Debug|Any CPU.ActiveCfg = Debug|Any CPU
		{2AA46A22-9D60-4737-8C2F-639B9636F872}.Debug|Any CPU.Build.0 = Debug|Any CPU
		{2AA46A22-9D60-4737-8C2F-639B9636F872}.Release|Any CPU.ActiveCfg = Release|Any CPU
		{2AA46A22-9D60-4737-8C2F-639B9636F872}.Release|Any CPU.Build.0 = Release|Any CPU
		{2EC946AF-8C50-48F4-9E70-CF54AF2F85D5}.Debug|Any CPU.ActiveCfg = Debug|Any CPU
		{2EC946AF-8C50-48F4-9E70-CF54AF2F85D5}.Debug|Any CPU.Build.0 = Debug|Any CPU
		{2EC946AF-8C50-48F4-9E70-CF54AF2F85D5}.Release|Any CPU.ActiveCfg = Release|Any CPU
		{2EC946AF-8C50-48F4-9E70-CF54AF2F85D5}.Release|Any CPU.Build.0 = Release|Any CPU
		{8F6A719A-C9EA-4836-80B9-A8FAD870031E}.Debug|Any CPU.ActiveCfg = Debug|Any CPU
		{8F6A719A-C9EA-4836-80B9-A8FAD870031E}.Debug|Any CPU.Build.0 = Debug|Any CPU
		{8F6A719A-C9EA-4836-80B9-A8FAD870031E}.Release|Any CPU.ActiveCfg = Release|Any CPU
		{8F6A719A-C9EA-4836-80B9-A8FAD870031E}.Release|Any CPU.Build.0 = Release|Any CPU
	EndGlobalSection
	GlobalSection(SolutionProperties) = preSolution
		HideSolutionNode = FALSE
	EndGlobalSection
	GlobalSection(ExtensibilityGlobals) = postSolution
		SolutionGuid = {7D418153-913F-4E5C-99E1-9F6D7842ED68}
	EndGlobalSection
EndGlobal
